{
  "gbdk": {
    "darwin-arm64": "289ee60e46c5a2785a21e35533f84a5131ed4a063b21b0dbdedc9a10af15bf78",
    "darwin-x64": "1aa549d12032d8f6509d11923bb28b1a453098f42597feb378e9a42541f8fd89",
    "linux-x64": "d7857a5f6d135ee4c249043ca26aad9f2ec8ab5d4106d97720d404114f42605c",
    "linux-arm64": "31eb2235f0fdb60163d0b1e9574a022098d6069cd56606a1daca4478a46e0439",
    "win32-ia32": "30279db9e3cc3ebd5bac3c2679aa02b5613214567650a8eb51cfb498ea4c8fcd",
    "win32-x64": "266854ce92e3064871c5b28cd3436cc2a6cb136af9e7cf617140108f8c1c5890"
  }
}