{
  "gbdk": {
    "darwin-arm64": "a2195b6fe52b21cc55075187af6e7eb969251d283982a43fba162ad201072b9a",
    "darwin-x64": "093495b55569eea596f1de000dd5d1970cb54306d1b1437b9a94a436f43b50a8",
    "linux-x64": "e6ba9b126fd4e59805bffc3b9157031ab03dea05d787f9436748d74c63c1c912",
    "linux-arm64": "ea6789400f8d0c4e94a2f5afa7ad1153ec322176cb7b27d5e3ca7b0ddcc5dab5",
    "win32-ia32": "f093953012e9a90dbdb82e239c80a93af1b39b5699f8146440576bccdd94e969",
    "win32-x64": "4e3fcaf46f8ed3fd7e085dcdac53935eb48157dfb9bb620edc154efff5000d77"
  }
}