{
  "gbdk": {
    "darwin-arm64": "49ca5ffff794be0336c1cfcdc5b8fc22a6d73646a4272af690f8bad22957befd",
    "darwin-x64": "b277294f05dbfb06f29d57e5628cefbb5f7911b461a6aebbd4e5c4fde778eb74",
    "linux-x64": "b9ffa02a62e162fb426e35a9b296a63c3d4f2c5b5ed5fafafc5153d8c7cb2dec",
    "linux-arm64": "12fae8e5367569a4e199cce8e0569bcc5a4c4632d1751a5202062018e6d6ba06",
    "win32-ia32": "0ee2b8372503805e4db68ddb68d475590081f5e62c0927614b1cc8d0f893f59c",
    "win32-x64": "89d0665464ad24c63667fc852f5917064056dba35b01bd9fa13860cd36f2c728"
  }
}