{
  "name": "gbdkjs-example-shooter",
  "version": "1.0.0",
  "lockfileVersion": 1,
  "requires": true,
  "dependencies": {
    "gbdkjs": {
      "version": "2.0.2",
      "resolved": "https://registry.npmjs.org/gbdkjs/-/gbdkjs-2.0.2.tgz",
      "integrity": "sha1-RwSdFMOXkdAYZF4lS0lA0ZboMi0="
    }
  }
}
