# THIS IS AN AUTOGENERATED FILE. DO NOT EDIT THIS FILE DIRECTLY.
# yarn lockfile v1


gbdkjs@^2.1.6:
  version "2.1.7"
  resolved "https://registry.yarnpkg.com/gbdkjs/-/gbdkjs-2.1.7.tgz#0608df4df90000e8c204c260a9a827f64445d736"
  integrity sha512-CjVNpwmQ7KtbSx+X5mX+/XB02fdpThC5MdeIceODTs29gvlZly0A0IV6YiLN/4x2PkOzwtfmhuGz4m7UYYcrBw==
